
Microsoft Visual Studio Solution File, Format Version 12.00
# Visual Studio Version 16
VisualStudioVersion = 16.0.31025.194
MinimumVisualStudioVersion = 10.0.40219.1
Project("{9A19103F-16F7-4668-BE54-9A1E7A4F7556}") = "GradeBook", "GradeBook.csproj", "{51765208-8CE3-4E5E-AE00-D95524D78690}"
EndProject
Project("{FAE04EC0-301F-11D3-BF4B-00C04F79EFBC}") = "GradeBook.Tests", "..\..\test\GradeBook.Tests\GradeBook.Tests.csproj", "{9EF02B9D-EA52-4671-9A31-282261BFB509}"
EndProject
Global
	GlobalSection(SolutionConfigurationPlatforms) = preSolution
		Debug|Any CPU = Debug|Any CPU
		Release|Any CPU = Release|Any CPU
	EndGlobalSection
	GlobalSection(ProjectConfigurationPlatforms) = postSolution
		{51765208-8CE3-4E5E-AE00-D95524D78690}.Debug|Any CPU.ActiveCfg = Debug|Any CPU
		{51765208-8CE3-4E5E-AE00-D95524D78690}.Debug|Any CPU.Build.0 = Debug|Any CPU
		{51765208-8CE3-4E5E-AE00-D95524D78690}.Release|Any CPU.ActiveCfg = Release|Any CPU
		{51765208-8CE3-4E5E-AE00-D95524D78690}.Release|Any CPU.Build.0 = Release|Any CPU
		{9EF02B9D-EA52-4671-9A31-282261BFB509}.Debug|Any CPU.ActiveCfg = Debug|Any CPU
		{9EF02B9D-EA52-4671-9A31-282261BFB509}.Debug|Any CPU.Build.0 = Debug|Any CPU
		{9EF02B9D-EA52-4671-9A31-282261BFB509}.Release|Any CPU.ActiveCfg = Release|Any CPU
		{9EF02B9D-EA52-4671-9A31-282261BFB509}.Release|Any CPU.Build.0 = Release|Any CPU
	EndGlobalSection
	GlobalSection(SolutionProperties) = preSolution
		HideSolutionNode = FALSE
	EndGlobalSection
	GlobalSection(ExtensibilityGlobals) = postSolution
		SolutionGuid = {30662336-0F21-40DE-8B50-37CD2D4C6F24}
	EndGlobalSection
EndGlobal
